
Microsoft Visual Studio Solution File, Format Version 12.00
# Visual Studio Version 17
VisualStudioVersion = 17.0.32014.148
MinimumVisualStudioVersion = 10.0.40219.1
Project("{FAE04EC0-301F-11D3-BF4B-00C04F79EFBC}") = "EntityCodeFirst", "EntityCodeFirst\EntityCodeFirst.csproj", "{9E9654E6-BCFA-446E-8966-38C4AD117940}"
EndProject
Global
	GlobalSection(SolutionConfigurationPlatforms) = preSolution
		Debug|Any CPU = Debug|Any CPU
		Release|Any CPU = Release|Any CPU
	EndGlobalSection
	GlobalSection(ProjectConfigurationPlatforms) = postSolution
		{9E9654E6-BCFA-446E-8966-38C4AD117940}.Debug|Any CPU.ActiveCfg = Debug|Any CPU
		{9E9654E6-BCFA-446E-8966-38C4AD117940}.Debug|Any CPU.Build.0 = Debug|Any CPU
		{9E9654E6-BCFA-446E-8966-38C4AD117940}.Release|Any CPU.ActiveCfg = Release|Any CPU
		{9E9654E6-BCFA-446E-8966-38C4AD117940}.Release|Any CPU.Build.0 = Release|Any CPU
	EndGlobalSection
	GlobalSection(SolutionProperties) = preSolution
		HideSolutionNode = FALSE
	EndGlobalSection
	GlobalSection(ExtensibilityGlobals) = postSolution
		SolutionGuid = {96356595-6A01-400D-9B5F-887063CB589C}
	EndGlobalSection
EndGlobal
